
Microsoft Visual Studio Solution File, Format Version 12.00
# Visual Studio Version 17
VisualStudioVersion = 17.4.33122.133
MinimumVisualStudioVersion = 10.0.40219.1
Project("{FAE04EC0-301F-11D3-BF4B-00C04F79EFBC}") = "HelloWorldCsharp", "HelloWorldCsharp.csproj", "{3B3E977D-6D7A-46A3-8619-5EBB0D774CDE}"
EndProject
Global
	GlobalSection(SolutionConfigurationPlatforms) = preSolution
		Debug|Any CPU = Debug|Any CPU
		Release|Any CPU = Release|Any CPU
	EndGlobalSection
	GlobalSection(ProjectConfigurationPlatforms) = postSolution
		{3B3E977D-6D7A-46A3-8619-5EBB0D774CDE}.Debug|Any CPU.ActiveCfg = Debug|Any CPU
		{3B3E977D-6D7A-46A3-8619-5EBB0D774CDE}.Debug|Any CPU.Build.0 = Debug|Any CPU
		{3B3E977D-6D7A-46A3-8619-5EBB0D774CDE}.Release|Any CPU.ActiveCfg = Release|Any CPU
		{3B3E977D-6D7A-46A3-8619-5EBB0D774CDE}.Release|Any CPU.Build.0 = Release|Any CPU
	EndGlobalSection
	GlobalSection(SolutionProperties) = preSolution
		HideSolutionNode = FALSE
	EndGlobalSection
	GlobalSection(ExtensibilityGlobals) = postSolution
		SolutionGuid = {A34364BF-06AA-404A-8988-5C786C026A4A}
	EndGlobalSection
EndGlobal
